
Microsoft Visual Studio Solution File, Format Version 12.00
# Visual Studio Version 16
VisualStudioVersion = 16.0.31624.102
MinimumVisualStudioVersion = 10.0.40219.1
Project("{FAE04EC0-301F-11D3-BF4B-00C04F79EFBC}") = "WpfApp1", "WpfApp1\WpfApp1.csproj", "{781041EF-8C80-428F-9419-C0C26ACC0391}"
EndProject
Global
	GlobalSection(SolutionConfigurationPlatforms) = preSolution
		Debug|Any CPU = Debug|Any CPU
		Release|Any CPU = Release|Any CPU
	EndGlobalSection
	GlobalSection(ProjectConfigurationPlatforms) = postSolution
		{781041EF-8C80-428F-9419-C0C26ACC0391}.Debug|Any CPU.ActiveCfg = Debug|Any CPU
		{781041EF-8C80-428F-9419-C0C26ACC0391}.Debug|Any CPU.Build.0 = Debug|Any CPU
		{781041EF-8C80-428F-9419-C0C26ACC0391}.Release|Any CPU.ActiveCfg = Release|Any CPU
		{781041EF-8C80-428F-9419-C0C26ACC0391}.Release|Any CPU.Build.0 = Release|Any CPU
	EndGlobalSection
	GlobalSection(SolutionProperties) = preSolution
		HideSolutionNode = FALSE
	EndGlobalSection
	GlobalSection(ExtensibilityGlobals) = postSolution
		SolutionGuid = {FDDA21A3-BFDD-4B23-B408-76EBEF16B315}
	EndGlobalSection
EndGlobal
