
Microsoft Visual Studio Solution File, Format Version 12.00
# Visual Studio Version 16
VisualStudioVersion = 16.0.30611.23
MinimumVisualStudioVersion = 10.0.40219.1
Project("{FAE04EC0-301F-11D3-BF4B-00C04F79EFBC}") = "lab10", "lab10.csproj", "{D6F3A501-0B79-4B0A-9A7F-4B98C0294300}"
EndProject
Global
	GlobalSection(SolutionConfigurationPlatforms) = preSolution
		Debug|Any CPU = Debug|Any CPU
		Release|Any CPU = Release|Any CPU
	EndGlobalSection
	GlobalSection(ProjectConfigurationPlatforms) = postSolution
		{D6F3A501-0B79-4B0A-9A7F-4B98C0294300}.Debug|Any CPU.ActiveCfg = Debug|Any CPU
		{D6F3A501-0B79-4B0A-9A7F-4B98C0294300}.Debug|Any CPU.Build.0 = Debug|Any CPU
		{D6F3A501-0B79-4B0A-9A7F-4B98C0294300}.Release|Any CPU.ActiveCfg = Release|Any CPU
		{D6F3A501-0B79-4B0A-9A7F-4B98C0294300}.Release|Any CPU.Build.0 = Release|Any CPU
	EndGlobalSection
	GlobalSection(SolutionProperties) = preSolution
		HideSolutionNode = FALSE
	EndGlobalSection
	GlobalSection(ExtensibilityGlobals) = postSolution
		SolutionGuid = {93833147-A0CA-45C1-996E-80623F9F4994}
	EndGlobalSection
EndGlobal
